
Microsoft Visual Studio Solution File, Format Version 12.00
# Visual Studio 15
VisualStudioVersion = 15.0.27130.2027
MinimumVisualStudioVersion = 10.0.40219.1
Project("{FAE04EC0-301F-11D3-BF4B-00C04F79EFBC}") = "Module01_CS", "Module01_CS\Module01_CS.csproj", "{ED61EF61-2518-4358-9274-AF90546F16DC}"
EndProject
Project("{2150E333-8FDC-42A3-9474-1A3956D46DE8}") = "PlayGround", "PlayGround", "{614BAE00-84EB-47BC-8C41-71B6E2131A8C}"
EndProject
Project("{2150E333-8FDC-42A3-9474-1A3956D46DE8}") = "Assignments", "Assignments", "{5E1B2542-C3EE-4515-8C83-C8E805B50E0F}"
EndProject
Project("{FAE04EC0-301F-11D3-BF4B-00C04F79EFBC}") = "Module02_HelloWorld", "Module02_HelloWorld\Module02_HelloWorld.csproj", "{3B404ABE-B1C1-4EB1-A581-63703EEFA401}"
EndProject
Project("{FAE04EC0-301F-11D3-BF4B-00C04F79EFBC}") = "Module03_ValueTypes", "Module03_ValueTypes\Module03_ValueTypes.csproj", "{52314A04-A84B-4053-A6DE-837C39AAA4A2}"
EndProject
Project("{FAE04EC0-301F-11D3-BF4B-00C04F79EFBC}") = "Module04_ReferenceTypes", "Module04_ReferenceTypes\Module04_ReferenceTypes.csproj", "{224C681D-ACDD-48F7-9929-4B111EF0D1B9}"
EndProject
Project("{FAE04EC0-301F-11D3-BF4B-00C04F79EFBC}") = "Module05_Methods", "Module05_Methods\Module05_Methods.csproj", "{779B2028-C640-4905-A36D-A83A043ACA82}"
EndProject
Project("{FAE04EC0-301F-11D3-BF4B-00C04F79EFBC}") = "Module08_Inheritance", "Module08_Inheritance\Module08_Inheritance.csproj", "{C6A5C699-6257-4CDE-9C12-70502FDC05E5}"
EndProject
Project("{FAE04EC0-301F-11D3-BF4B-00C04F79EFBC}") = "Module09_ExceptionHandling", "Module09_ExceptionHandling\Module09_ExceptionHandling.csproj", "{BD24CAA3-9A99-4922-B73F-2A1F55486AFF}"
EndProject
Project("{FAE04EC0-301F-11D3-BF4B-00C04F79EFBC}") = "Module10_Interfaces", "Module10_Interfaces\Module10_Interfaces.csproj", "{D483641F-1FC6-47B3-A957-AC7771E1114D}"
EndProject
Project("{FAE04EC0-301F-11D3-BF4B-00C04F79EFBC}") = "Module11_Collections", "Module11_Collections\Module11_Collections.csproj", "{5A6D04FF-61B6-4466-AC97-072ED4CEBA4C}"
EndProject
Project("{FAE04EC0-301F-11D3-BF4B-00C04F79EFBC}") = "Module12_Delegates", "Module12_Delegates\Module12_Delegates.csproj", "{5A1F3DDC-9D77-418A-83F2-DC422391FEB4}"
EndProject
Project("{FAE04EC0-301F-11D3-BF4B-00C04F79EFBC}") = "Module13_Avanced", "Module13_Avanced\Module13_Avanced.csproj", "{1E76C25D-E3DE-46A6-85F2-AD0D99FDD13C}"
EndProject
Project("{FAE04EC0-301F-11D3-BF4B-00C04F79EFBC}") = "Module14_LINQ", "Module14_LINQ\Module14_LINQ.csproj", "{26A8998B-29FB-4676-A5E2-42C60E15D61E}"
EndProject
Project("{FAE04EC0-301F-11D3-BF4B-00C04F79EFBC}") = "Module06_IntroOOP", "Module06_IntroOOP\Module06_IntroOOP.csproj", "{1ADB742F-AFC9-48E4-A036-484829B78DFF}"
EndProject
Project("{FAE04EC0-301F-11D3-BF4B-00C04F79EFBC}") = "Module07_Properties", "Module07_Properties\Module07_Properties.csproj", "{76322B76-8542-4732-B944-23F75E811409}"
EndProject
Project("{FAE04EC0-301F-11D3-BF4B-00C04F79EFBC}") = "OpgaveVariabler", "OpgaveVariabler\OpgaveVariabler.csproj", "{AFA7D670-002C-4358-8113-C76CEA3B8F3E}"
EndProject
Project("{FAE04EC0-301F-11D3-BF4B-00C04F79EFBC}") = "OpgaveMaanedsloen", "OpgaveMaanedsloen\OpgaveMaanedsloen.csproj", "{987A1154-2C45-4796-AF06-B1CC18744712}"
EndProject
Project("{FAE04EC0-301F-11D3-BF4B-00C04F79EFBC}") = "OpgaveStrings", "OpgaveStrings\OpgaveStrings.csproj", "{B27634D9-4DC0-432A-9BF3-B0F0A0B102E1}"
EndProject
Project("{FAE04EC0-301F-11D3-BF4B-00C04F79EFBC}") = "Opgave10Tabel", "Opgave10Tabel\Opgave10Tabel.csproj", "{ED93E2AC-6AD0-46FE-8A8E-F5871E7385E7}"
EndProject
Project("{FAE04EC0-301F-11D3-BF4B-00C04F79EFBC}") = "OpgaveMethods", "OpgaveMethods\OpgaveMethods.csproj", "{67D721BD-74F2-43CD-8628-F995F6B9D4CE}"
EndProject
Project("{FAE04EC0-301F-11D3-BF4B-00C04F79EFBC}") = "OpgaveSimpleClass", "OpgaveSimpleClass\OpgaveSimpleClass.csproj", "{2BF1C44D-6E1E-4CDD-82A1-DBA8513BA5B7}"
EndProject
Project("{FAE04EC0-301F-11D3-BF4B-00C04F79EFBC}") = "OpgaveTerningApp", "OpgaveTerningApp\OpgaveTerningApp.csproj", "{72A54993-3CEE-4622-82DF-C32D470DE485}"
EndProject
Project("{FAE04EC0-301F-11D3-BF4B-00C04F79EFBC}") = "OpgaveEgenskaber", "OpgaveEgenskaber\OpgaveEgenskaber.csproj", "{1B2BBBC7-6F73-43EB-BE37-460350B61397}"
EndProject
Project("{FAE04EC0-301F-11D3-BF4B-00C04F79EFBC}") = "OpgaveTrekant", "OpgaveTrekant\OpgaveTrekant.csproj", "{E27B8B3E-CC9C-4115-B514-1AE5045E25C0}"
EndProject
Project("{FAE04EC0-301F-11D3-BF4B-00C04F79EFBC}") = "OpgaveArealBeregninger.cs", "OpgaveArealBeregninger.cs\OpgaveArealBeregninger.cs.csproj", "{049C2B7A-1121-460B-87F1-B73A4FA3F4CE}"
EndProject
Project("{FAE04EC0-301F-11D3-BF4B-00C04F79EFBC}") = "OpgaveVare", "OpgaveVare\OpgaveVare.csproj", "{02EFE72A-50A1-4C78-A5C0-4E6A97332692}"
EndProject
Project("{FAE04EC0-301F-11D3-BF4B-00C04F79EFBC}") = "OpgaveNedarvning", "OpgaveNedarvning\OpgaveNedarvning.csproj", "{DD67ED1A-4D3D-4E7D-88AC-52E081AA78B4}"
EndProject
Project("{FAE04EC0-301F-11D3-BF4B-00C04F79EFBC}") = "OpgavePolymorfi", "OpgavePolymorfi\OpgavePolymorfi.csproj", "{A90279C7-7CFD-4218-B186-F28E40CF0458}"
EndProject
Project("{FAE04EC0-301F-11D3-BF4B-00C04F79EFBC}") = "OpgaveTerningApp2", "OpgaveTerningApp2\OpgaveTerningApp2.csproj", "{A82EECA8-52BF-44F5-A5AE-176674BE6D83}"
EndProject
Project("{FAE04EC0-301F-11D3-BF4B-00C04F79EFBC}") = "UnitTestingTerningApp2", "UnitTestingTerningApp2\UnitTestingTerningApp2.csproj", "{BB927C08-B146-4666-9552-3EC6F48A2808}"
EndProject
Project("{FAE04EC0-301F-11D3-BF4B-00C04F79EFBC}") = "OpgaveNLog", "OpgaveNLog\OpgaveNLog.csproj", "{7BB5E00B-059B-4486-B842-0AA495107A87}"
EndProject
Project("{FAE04EC0-301F-11D3-BF4B-00C04F79EFBC}") = "OpgaveInterface", "OpgaveInterface\OpgaveInterface.csproj", "{0403AAFD-8E3F-48C3-9CCB-3663D4E504BA}"
EndProject
Project("{FAE04EC0-301F-11D3-BF4B-00C04F79EFBC}") = "OpgaveCompare", "OpgaveCompare\OpgaveCompare.csproj", "{2185DAA2-3D23-46E7-B3F4-7CA74F1B1293}"
EndProject
Project("{FAE04EC0-301F-11D3-BF4B-00C04F79EFBC}") = "OpgaveUsing", "OpgaveUsing\OpgaveUsing.csproj", "{813347B1-2794-4A42-BB33-EB528FEA7D30}"
EndProject
Project("{FAE04EC0-301F-11D3-BF4B-00C04F79EFBC}") = "OpgaveCollection", "OpgaveCollection\OpgaveCollection.csproj", "{B97BF30F-B083-4CF6-8962-FD3B97A76D3D}"
EndProject
Project("{FAE04EC0-301F-11D3-BF4B-00C04F79EFBC}") = "OpgaveCollection2", "OpgaveCollection2\OpgaveCollection2.csproj", "{B42C21B2-973D-4C72-A366-F288FD66008C}"
EndProject
Project("{FAE04EC0-301F-11D3-BF4B-00C04F79EFBC}") = "OpgaveDelegate", "OpgaveDelegate\OpgaveDelegate.csproj", "{298582EA-12FE-4CD1-A34A-AF35AE0B56F5}"
EndProject
Project("{FAE04EC0-301F-11D3-BF4B-00C04F79EFBC}") = "OpgaveFileWatch", "OpgaveFileWatch\OpgaveFileWatch.csproj", "{56952994-D96B-402E-9F52-D044C6C887AD}"
EndProject
Global
	GlobalSection(SolutionConfigurationPlatforms) = preSolution
		Debug|Any CPU = Debug|Any CPU
		Release|Any CPU = Release|Any CPU
	EndGlobalSection
	GlobalSection(ProjectConfigurationPlatforms) = postSolution
		{ED61EF61-2518-4358-9274-AF90546F16DC}.Debug|Any CPU.ActiveCfg = Debug|Any CPU
		{ED61EF61-2518-4358-9274-AF90546F16DC}.Debug|Any CPU.Build.0 = Debug|Any CPU
		{ED61EF61-2518-4358-9274-AF90546F16DC}.Release|Any CPU.ActiveCfg = Release|Any CPU
		{ED61EF61-2518-4358-9274-AF90546F16DC}.Release|Any CPU.Build.0 = Release|Any CPU
		{3B404ABE-B1C1-4EB1-A581-63703EEFA401}.Debug|Any CPU.ActiveCfg = Debug|Any CPU
		{3B404ABE-B1C1-4EB1-A581-63703EEFA401}.Debug|Any CPU.Build.0 = Debug|Any CPU
		{3B404ABE-B1C1-4EB1-A581-63703EEFA401}.Release|Any CPU.ActiveCfg = Release|Any CPU
		{3B404ABE-B1C1-4EB1-A581-63703EEFA401}.Release|Any CPU.Build.0 = Release|Any CPU
		{52314A04-A84B-4053-A6DE-837C39AAA4A2}.Debug|Any CPU.ActiveCfg = Debug|Any CPU
		{52314A04-A84B-4053-A6DE-837C39AAA4A2}.Debug|Any CPU.Build.0 = Debug|Any CPU
		{52314A04-A84B-4053-A6DE-837C39AAA4A2}.Release|Any CPU.ActiveCfg = Release|Any CPU
		{52314A04-A84B-4053-A6DE-837C39AAA4A2}.Release|Any CPU.Build.0 = Release|Any CPU
		{224C681D-ACDD-48F7-9929-4B111EF0D1B9}.Debug|Any CPU.ActiveCfg = Debug|Any CPU
		{224C681D-ACDD-48F7-9929-4B111EF0D1B9}.Debug|Any CPU.Build.0 = Debug|Any CPU
		{224C681D-ACDD-48F7-9929-4B111EF0D1B9}.Release|Any CPU.ActiveCfg = Release|Any CPU
		{224C681D-ACDD-48F7-9929-4B111EF0D1B9}.Release|Any CPU.Build.0 = Release|Any CPU
		{779B2028-C640-4905-A36D-A83A043ACA82}.Debug|Any CPU.ActiveCfg = Debug|Any CPU
		{779B2028-C640-4905-A36D-A83A043ACA82}.Debug|Any CPU.Build.0 = Debug|Any CPU
		{779B2028-C640-4905-A36D-A83A043ACA82}.Release|Any CPU.ActiveCfg = Release|Any CPU
		{779B2028-C640-4905-A36D-A83A043ACA82}.Release|Any CPU.Build.0 = Release|Any CPU
		{C6A5C699-6257-4CDE-9C12-70502FDC05E5}.Debug|Any CPU.ActiveCfg = Debug|Any CPU
		{C6A5C699-6257-4CDE-9C12-70502FDC05E5}.Debug|Any CPU.Build.0 = Debug|Any CPU
		{C6A5C699-6257-4CDE-9C12-70502FDC05E5}.Release|Any CPU.ActiveCfg = Release|Any CPU
		{C6A5C699-6257-4CDE-9C12-70502FDC05E5}.Release|Any CPU.Build.0 = Release|Any CPU
		{BD24CAA3-9A99-4922-B73F-2A1F55486AFF}.Debug|Any CPU.ActiveCfg = Debug|Any CPU
		{BD24CAA3-9A99-4922-B73F-2A1F55486AFF}.Debug|Any CPU.Build.0 = Debug|Any CPU
		{BD24CAA3-9A99-4922-B73F-2A1F55486AFF}.Release|Any CPU.ActiveCfg = Release|Any CPU
		{BD24CAA3-9A99-4922-B73F-2A1F55486AFF}.Release|Any CPU.Build.0 = Release|Any CPU
		{D483641F-1FC6-47B3-A957-AC7771E1114D}.Debug|Any CPU.ActiveCfg = Debug|Any CPU
		{D483641F-1FC6-47B3-A957-AC7771E1114D}.Debug|Any CPU.Build.0 = Debug|Any CPU
		{D483641F-1FC6-47B3-A957-AC7771E1114D}.Release|Any CPU.ActiveCfg = Release|Any CPU
		{D483641F-1FC6-47B3-A957-AC7771E1114D}.Release|Any CPU.Build.0 = Release|Any CPU
		{5A6D04FF-61B6-4466-AC97-072ED4CEBA4C}.Debug|Any CPU.ActiveCfg = Debug|Any CPU
		{5A6D04FF-61B6-4466-AC97-072ED4CEBA4C}.Debug|Any CPU.Build.0 = Debug|Any CPU
		{5A6D04FF-61B6-4466-AC97-072ED4CEBA4C}.Release|Any CPU.ActiveCfg = Release|Any CPU
		{5A6D04FF-61B6-4466-AC97-072ED4CEBA4C}.Release|Any CPU.Build.0 = Release|Any CPU
		{5A1F3DDC-9D77-418A-83F2-DC422391FEB4}.Debug|Any CPU.ActiveCfg = Debug|Any CPU
		{5A1F3DDC-9D77-418A-83F2-DC422391FEB4}.Debug|Any CPU.Build.0 = Debug|Any CPU
		{5A1F3DDC-9D77-418A-83F2-DC422391FEB4}.Release|Any CPU.ActiveCfg = Release|Any CPU
		{5A1F3DDC-9D77-418A-83F2-DC422391FEB4}.Release|Any CPU.Build.0 = Release|Any CPU
		{1E76C25D-E3DE-46A6-85F2-AD0D99FDD13C}.Debug|Any CPU.ActiveCfg = Debug|Any CPU
		{1E76C25D-E3DE-46A6-85F2-AD0D99FDD13C}.Debug|Any CPU.Build.0 = Debug|Any CPU
		{1E76C25D-E3DE-46A6-85F2-AD0D99FDD13C}.Release|Any CPU.ActiveCfg = Release|Any CPU
		{1E76C25D-E3DE-46A6-85F2-AD0D99FDD13C}.Release|Any CPU.Build.0 = Release|Any CPU
		{26A8998B-29FB-4676-A5E2-42C60E15D61E}.Debug|Any CPU.ActiveCfg = Debug|Any CPU
		{26A8998B-29FB-4676-A5E2-42C60E15D61E}.Debug|Any CPU.Build.0 = Debug|Any CPU
		{26A8998B-29FB-4676-A5E2-42C60E15D61E}.Release|Any CPU.ActiveCfg = Release|Any CPU
		{26A8998B-29FB-4676-A5E2-42C60E15D61E}.Release|Any CPU.Build.0 = Release|Any CPU
		{1ADB742F-AFC9-48E4-A036-484829B78DFF}.Debug|Any CPU.ActiveCfg = Debug|Any CPU
		{1ADB742F-AFC9-48E4-A036-484829B78DFF}.Debug|Any CPU.Build.0 = Debug|Any CPU
		{1ADB742F-AFC9-48E4-A036-484829B78DFF}.Release|Any CPU.ActiveCfg = Release|Any CPU
		{1ADB742F-AFC9-48E4-A036-484829B78DFF}.Release|Any CPU.Build.0 = Release|Any CPU
		{76322B76-8542-4732-B944-23F75E811409}.Debug|Any CPU.ActiveCfg = Debug|Any CPU
		{76322B76-8542-4732-B944-23F75E811409}.Debug|Any CPU.Build.0 = Debug|Any CPU
		{76322B76-8542-4732-B944-23F75E811409}.Release|Any CPU.ActiveCfg = Release|Any CPU
		{76322B76-8542-4732-B944-23F75E811409}.Release|Any CPU.Build.0 = Release|Any CPU
		{AFA7D670-002C-4358-8113-C76CEA3B8F3E}.Debug|Any CPU.ActiveCfg = Debug|Any CPU
		{AFA7D670-002C-4358-8113-C76CEA3B8F3E}.Debug|Any CPU.Build.0 = Debug|Any CPU
		{AFA7D670-002C-4358-8113-C76CEA3B8F3E}.Release|Any CPU.ActiveCfg = Release|Any CPU
		{AFA7D670-002C-4358-8113-C76CEA3B8F3E}.Release|Any CPU.Build.0 = Release|Any CPU
		{987A1154-2C45-4796-AF06-B1CC18744712}.Debug|Any CPU.ActiveCfg = Debug|Any CPU
		{987A1154-2C45-4796-AF06-B1CC18744712}.Debug|Any CPU.Build.0 = Debug|Any CPU
		{987A1154-2C45-4796-AF06-B1CC18744712}.Release|Any CPU.ActiveCfg = Release|Any CPU
		{987A1154-2C45-4796-AF06-B1CC18744712}.Release|Any CPU.Build.0 = Release|Any CPU
		{B27634D9-4DC0-432A-9BF3-B0F0A0B102E1}.Debug|Any CPU.ActiveCfg = Debug|Any CPU
		{B27634D9-4DC0-432A-9BF3-B0F0A0B102E1}.Debug|Any CPU.Build.0 = Debug|Any CPU
		{B27634D9-4DC0-432A-9BF3-B0F0A0B102E1}.Release|Any CPU.ActiveCfg = Release|Any CPU
		{B27634D9-4DC0-432A-9BF3-B0F0A0B102E1}.Release|Any CPU.Build.0 = Release|Any CPU
		{ED93E2AC-6AD0-46FE-8A8E-F5871E7385E7}.Debug|Any CPU.ActiveCfg = Debug|Any CPU
		{ED93E2AC-6AD0-46FE-8A8E-F5871E7385E7}.Debug|Any CPU.Build.0 = Debug|Any CPU
		{ED93E2AC-6AD0-46FE-8A8E-F5871E7385E7}.Release|Any CPU.ActiveCfg = Release|Any CPU
		{ED93E2AC-6AD0-46FE-8A8E-F5871E7385E7}.Release|Any CPU.Build.0 = Release|Any CPU
		{67D721BD-74F2-43CD-8628-F995F6B9D4CE}.Debug|Any CPU.ActiveCfg = Debug|Any CPU
		{67D721BD-74F2-43CD-8628-F995F6B9D4CE}.Debug|Any CPU.Build.0 = Debug|Any CPU
		{67D721BD-74F2-43CD-8628-F995F6B9D4CE}.Release|Any CPU.ActiveCfg = Release|Any CPU
		{67D721BD-74F2-43CD-8628-F995F6B9D4CE}.Release|Any CPU.Build.0 = Release|Any CPU
		{2BF1C44D-6E1E-4CDD-82A1-DBA8513BA5B7}.Debug|Any CPU.ActiveCfg = Debug|Any CPU
		{2BF1C44D-6E1E-4CDD-82A1-DBA8513BA5B7}.Debug|Any CPU.Build.0 = Debug|Any CPU
		{2BF1C44D-6E1E-4CDD-82A1-DBA8513BA5B7}.Release|Any CPU.ActiveCfg = Release|Any CPU
		{2BF1C44D-6E1E-4CDD-82A1-DBA8513BA5B7}.Release|Any CPU.Build.0 = Release|Any CPU
		{72A54993-3CEE-4622-82DF-C32D470DE485}.Debug|Any CPU.ActiveCfg = Debug|Any CPU
		{72A54993-3CEE-4622-82DF-C32D470DE485}.Debug|Any CPU.Build.0 = Debug|Any CPU
		{72A54993-3CEE-4622-82DF-C32D470DE485}.Release|Any CPU.ActiveCfg = Release|Any CPU
		{72A54993-3CEE-4622-82DF-C32D470DE485}.Release|Any CPU.Build.0 = Release|Any CPU
		{1B2BBBC7-6F73-43EB-BE37-460350B61397}.Debug|Any CPU.ActiveCfg = Debug|Any CPU
		{1B2BBBC7-6F73-43EB-BE37-460350B61397}.Debug|Any CPU.Build.0 = Debug|Any CPU
		{1B2BBBC7-6F73-43EB-BE37-460350B61397}.Release|Any CPU.ActiveCfg = Release|Any CPU
		{1B2BBBC7-6F73-43EB-BE37-460350B61397}.Release|Any CPU.Build.0 = Release|Any CPU
		{E27B8B3E-CC9C-4115-B514-1AE5045E25C0}.Debug|Any CPU.ActiveCfg = Debug|Any CPU
		{E27B8B3E-CC9C-4115-B514-1AE5045E25C0}.Debug|Any CPU.Build.0 = Debug|Any CPU
		{E27B8B3E-CC9C-4115-B514-1AE5045E25C0}.Release|Any CPU.ActiveCfg = Release|Any CPU
		{E27B8B3E-CC9C-4115-B514-1AE5045E25C0}.Release|Any CPU.Build.0 = Release|Any CPU
		{049C2B7A-1121-460B-87F1-B73A4FA3F4CE}.Debug|Any CPU.ActiveCfg = Debug|Any CPU
		{049C2B7A-1121-460B-87F1-B73A4FA3F4CE}.Debug|Any CPU.Build.0 = Debug|Any CPU
		{049C2B7A-1121-460B-87F1-B73A4FA3F4CE}.Release|Any CPU.ActiveCfg = Release|Any CPU
		{049C2B7A-1121-460B-87F1-B73A4FA3F4CE}.Release|Any CPU.Build.0 = Release|Any CPU
		{02EFE72A-50A1-4C78-A5C0-4E6A97332692}.Debug|Any CPU.ActiveCfg = Debug|Any CPU
		{02EFE72A-50A1-4C78-A5C0-4E6A97332692}.Debug|Any CPU.Build.0 = Debug|Any CPU
		{02EFE72A-50A1-4C78-A5C0-4E6A97332692}.Release|Any CPU.ActiveCfg = Release|Any CPU
		{02EFE72A-50A1-4C78-A5C0-4E6A97332692}.Release|Any CPU.Build.0 = Release|Any CPU
		{DD67ED1A-4D3D-4E7D-88AC-52E081AA78B4}.Debug|Any CPU.ActiveCfg = Debug|Any CPU
		{DD67ED1A-4D3D-4E7D-88AC-52E081AA78B4}.Debug|Any CPU.Build.0 = Debug|Any CPU
		{DD67ED1A-4D3D-4E7D-88AC-52E081AA78B4}.Release|Any CPU.ActiveCfg = Release|Any CPU
		{DD67ED1A-4D3D-4E7D-88AC-52E081AA78B4}.Release|Any CPU.Build.0 = Release|Any CPU
		{A90279C7-7CFD-4218-B186-F28E40CF0458}.Debug|Any CPU.ActiveCfg = Debug|Any CPU
		{A90279C7-7CFD-4218-B186-F28E40CF0458}.Debug|Any CPU.Build.0 = Debug|Any CPU
		{A90279C7-7CFD-4218-B186-F28E40CF0458}.Release|Any CPU.ActiveCfg = Release|Any CPU
		{A90279C7-7CFD-4218-B186-F28E40CF0458}.Release|Any CPU.Build.0 = Release|Any CPU
		{A82EECA8-52BF-44F5-A5AE-176674BE6D83}.Debug|Any CPU.ActiveCfg = Debug|Any CPU
		{A82EECA8-52BF-44F5-A5AE-176674BE6D83}.Debug|Any CPU.Build.0 = Debug|Any CPU
		{A82EECA8-52BF-44F5-A5AE-176674BE6D83}.Release|Any CPU.ActiveCfg = Release|Any CPU
		{A82EECA8-52BF-44F5-A5AE-176674BE6D83}.Release|Any CPU.Build.0 = Release|Any CPU
		{BB927C08-B146-4666-9552-3EC6F48A2808}.Debug|Any CPU.ActiveCfg = Debug|Any CPU
		{BB927C08-B146-4666-9552-3EC6F48A2808}.Debug|Any CPU.Build.0 = Debug|Any CPU
		{BB927C08-B146-4666-9552-3EC6F48A2808}.Release|Any CPU.ActiveCfg = Release|Any CPU
		{BB927C08-B146-4666-9552-3EC6F48A2808}.Release|Any CPU.Build.0 = Release|Any CPU
		{7BB5E00B-059B-4486-B842-0AA495107A87}.Debug|Any CPU.ActiveCfg = Debug|Any CPU
		{7BB5E00B-059B-4486-B842-0AA495107A87}.Debug|Any CPU.Build.0 = Debug|Any CPU
		{7BB5E00B-059B-4486-B842-0AA495107A87}.Release|Any CPU.ActiveCfg = Release|Any CPU
		{7BB5E00B-059B-4486-B842-0AA495107A87}.Release|Any CPU.Build.0 = Release|Any CPU
		{0403AAFD-8E3F-48C3-9CCB-3663D4E504BA}.Debug|Any CPU.ActiveCfg = Debug|Any CPU
		{0403AAFD-8E3F-48C3-9CCB-3663D4E504BA}.Debug|Any CPU.Build.0 = Debug|Any CPU
		{0403AAFD-8E3F-48C3-9CCB-3663D4E504BA}.Release|Any CPU.ActiveCfg = Release|Any CPU
		{0403AAFD-8E3F-48C3-9CCB-3663D4E504BA}.Release|Any CPU.Build.0 = Release|Any CPU
		{2185DAA2-3D23-46E7-B3F4-7CA74F1B1293}.Debug|Any CPU.ActiveCfg = Debug|Any CPU
		{2185DAA2-3D23-46E7-B3F4-7CA74F1B1293}.Debug|Any CPU.Build.0 = Debug|Any CPU
		{2185DAA2-3D23-46E7-B3F4-7CA74F1B1293}.Release|Any CPU.ActiveCfg = Release|Any CPU
		{2185DAA2-3D23-46E7-B3F4-7CA74F1B1293}.Release|Any CPU.Build.0 = Release|Any CPU
		{813347B1-2794-4A42-BB33-EB528FEA7D30}.Debug|Any CPU.ActiveCfg = Debug|Any CPU
		{813347B1-2794-4A42-BB33-EB528FEA7D30}.Debug|Any CPU.Build.0 = Debug|Any CPU
		{813347B1-2794-4A42-BB33-EB528FEA7D30}.Release|Any CPU.ActiveCfg = Release|Any CPU
		{813347B1-2794-4A42-BB33-EB528FEA7D30}.Release|Any CPU.Build.0 = Release|Any CPU
		{B97BF30F-B083-4CF6-8962-FD3B97A76D3D}.Debug|Any CPU.ActiveCfg = Debug|Any CPU
		{B97BF30F-B083-4CF6-8962-FD3B97A76D3D}.Debug|Any CPU.Build.0 = Debug|Any CPU
		{B97BF30F-B083-4CF6-8962-FD3B97A76D3D}.Release|Any CPU.ActiveCfg = Release|Any CPU
		{B97BF30F-B083-4CF6-8962-FD3B97A76D3D}.Release|Any CPU.Build.0 = Release|Any CPU
		{B42C21B2-973D-4C72-A366-F288FD66008C}.Debug|Any CPU.ActiveCfg = Debug|Any CPU
		{B42C21B2-973D-4C72-A366-F288FD66008C}.Debug|Any CPU.Build.0 = Debug|Any CPU
		{B42C21B2-973D-4C72-A366-F288FD66008C}.Release|Any CPU.ActiveCfg = Release|Any CPU
		{B42C21B2-973D-4C72-A366-F288FD66008C}.Release|Any CPU.Build.0 = Release|Any CPU
		{298582EA-12FE-4CD1-A34A-AF35AE0B56F5}.Debug|Any CPU.ActiveCfg = Debug|Any CPU
		{298582EA-12FE-4CD1-A34A-AF35AE0B56F5}.Debug|Any CPU.Build.0 = Debug|Any CPU
		{298582EA-12FE-4CD1-A34A-AF35AE0B56F5}.Release|Any CPU.ActiveCfg = Release|Any CPU
		{298582EA-12FE-4CD1-A34A-AF35AE0B56F5}.Release|Any CPU.Build.0 = Release|Any CPU
		{56952994-D96B-402E-9F52-D044C6C887AD}.Debug|Any CPU.ActiveCfg = Debug|Any CPU
		{56952994-D96B-402E-9F52-D044C6C887AD}.Debug|Any CPU.Build.0 = Debug|Any CPU
		{56952994-D96B-402E-9F52-D044C6C887AD}.Release|Any CPU.ActiveCfg = Release|Any CPU
		{56952994-D96B-402E-9F52-D044C6C887AD}.Release|Any CPU.Build.0 = Release|Any CPU
	EndGlobalSection
	GlobalSection(SolutionProperties) = preSolution
		HideSolutionNode = FALSE
	EndGlobalSection
	GlobalSection(NestedProjects) = preSolution
		{ED61EF61-2518-4358-9274-AF90546F16DC} = {614BAE00-84EB-47BC-8C41-71B6E2131A8C}
		{3B404ABE-B1C1-4EB1-A581-63703EEFA401} = {614BAE00-84EB-47BC-8C41-71B6E2131A8C}
		{52314A04-A84B-4053-A6DE-837C39AAA4A2} = {614BAE00-84EB-47BC-8C41-71B6E2131A8C}
		{224C681D-ACDD-48F7-9929-4B111EF0D1B9} = {614BAE00-84EB-47BC-8C41-71B6E2131A8C}
		{779B2028-C640-4905-A36D-A83A043ACA82} = {614BAE00-84EB-47BC-8C41-71B6E2131A8C}
		{C6A5C699-6257-4CDE-9C12-70502FDC05E5} = {614BAE00-84EB-47BC-8C41-71B6E2131A8C}
		{BD24CAA3-9A99-4922-B73F-2A1F55486AFF} = {614BAE00-84EB-47BC-8C41-71B6E2131A8C}
		{D483641F-1FC6-47B3-A957-AC7771E1114D} = {614BAE00-84EB-47BC-8C41-71B6E2131A8C}
		{5A6D04FF-61B6-4466-AC97-072ED4CEBA4C} = {614BAE00-84EB-47BC-8C41-71B6E2131A8C}
		{5A1F3DDC-9D77-418A-83F2-DC422391FEB4} = {614BAE00-84EB-47BC-8C41-71B6E2131A8C}
		{1E76C25D-E3DE-46A6-85F2-AD0D99FDD13C} = {614BAE00-84EB-47BC-8C41-71B6E2131A8C}
		{26A8998B-29FB-4676-A5E2-42C60E15D61E} = {614BAE00-84EB-47BC-8C41-71B6E2131A8C}
		{1ADB742F-AFC9-48E4-A036-484829B78DFF} = {614BAE00-84EB-47BC-8C41-71B6E2131A8C}
		{76322B76-8542-4732-B944-23F75E811409} = {614BAE00-84EB-47BC-8C41-71B6E2131A8C}
		{AFA7D670-002C-4358-8113-C76CEA3B8F3E} = {5E1B2542-C3EE-4515-8C83-C8E805B50E0F}
		{987A1154-2C45-4796-AF06-B1CC18744712} = {5E1B2542-C3EE-4515-8C83-C8E805B50E0F}
		{B27634D9-4DC0-432A-9BF3-B0F0A0B102E1} = {5E1B2542-C3EE-4515-8C83-C8E805B50E0F}
		{ED93E2AC-6AD0-46FE-8A8E-F5871E7385E7} = {5E1B2542-C3EE-4515-8C83-C8E805B50E0F}
		{67D721BD-74F2-43CD-8628-F995F6B9D4CE} = {5E1B2542-C3EE-4515-8C83-C8E805B50E0F}
		{2BF1C44D-6E1E-4CDD-82A1-DBA8513BA5B7} = {5E1B2542-C3EE-4515-8C83-C8E805B50E0F}
		{72A54993-3CEE-4622-82DF-C32D470DE485} = {5E1B2542-C3EE-4515-8C83-C8E805B50E0F}
		{1B2BBBC7-6F73-43EB-BE37-460350B61397} = {5E1B2542-C3EE-4515-8C83-C8E805B50E0F}
		{E27B8B3E-CC9C-4115-B514-1AE5045E25C0} = {5E1B2542-C3EE-4515-8C83-C8E805B50E0F}
		{049C2B7A-1121-460B-87F1-B73A4FA3F4CE} = {5E1B2542-C3EE-4515-8C83-C8E805B50E0F}
		{02EFE72A-50A1-4C78-A5C0-4E6A97332692} = {5E1B2542-C3EE-4515-8C83-C8E805B50E0F}
		{DD67ED1A-4D3D-4E7D-88AC-52E081AA78B4} = {5E1B2542-C3EE-4515-8C83-C8E805B50E0F}
		{A90279C7-7CFD-4218-B186-F28E40CF0458} = {5E1B2542-C3EE-4515-8C83-C8E805B50E0F}
		{A82EECA8-52BF-44F5-A5AE-176674BE6D83} = {5E1B2542-C3EE-4515-8C83-C8E805B50E0F}
		{BB927C08-B146-4666-9552-3EC6F48A2808} = {5E1B2542-C3EE-4515-8C83-C8E805B50E0F}
		{7BB5E00B-059B-4486-B842-0AA495107A87} = {5E1B2542-C3EE-4515-8C83-C8E805B50E0F}
		{0403AAFD-8E3F-48C3-9CCB-3663D4E504BA} = {5E1B2542-C3EE-4515-8C83-C8E805B50E0F}
		{2185DAA2-3D23-46E7-B3F4-7CA74F1B1293} = {5E1B2542-C3EE-4515-8C83-C8E805B50E0F}
		{813347B1-2794-4A42-BB33-EB528FEA7D30} = {5E1B2542-C3EE-4515-8C83-C8E805B50E0F}
		{B97BF30F-B083-4CF6-8962-FD3B97A76D3D} = {5E1B2542-C3EE-4515-8C83-C8E805B50E0F}
		{B42C21B2-973D-4C72-A366-F288FD66008C} = {5E1B2542-C3EE-4515-8C83-C8E805B50E0F}
		{298582EA-12FE-4CD1-A34A-AF35AE0B56F5} = {5E1B2542-C3EE-4515-8C83-C8E805B50E0F}
		{56952994-D96B-402E-9F52-D044C6C887AD} = {5E1B2542-C3EE-4515-8C83-C8E805B50E0F}
	EndGlobalSection
	GlobalSection(ExtensibilityGlobals) = postSolution
		SolutionGuid = {A5354BDA-3E12-4F48-8A32-DAFA5BEC4AA4}
	EndGlobalSection
EndGlobal
